{
  "name": "typescript-code-assistant",
  "lockfileVersion": 3,
  "requires": true,
  "packages": {
    "": {
      "name": "typescript-code-assistant",
      "workspaces": [
        "backend",
        "frontend",
        "packages/*",
        "shared"
      ],
      "devDependencies": {}
    },
    "backend": {
      "name": "typescript-code-assistant-backend",
      "dependencies": {
        "@tca/analysis-engine": "0.1.0",
        "@tca/shared": "0.1.0"
      },
      "devDependencies": {}
    },
    "frontend": {
      "name": "typescript-code-assistant-frontend",
      "devDependencies": {}
    },
    "node_modules/@tca/analysis-engine": {
      "resolved": "packages/analysis-engine",
      "link": true
    },
    "node_modules/@tca/sdk": {
      "resolved": "packages/sdk",
      "link": true
    },
    "node_modules/@tca/shared": {
      "resolved": "packages/shared",
      "link": true
    },
    "node_modules/typescript-code-assistant-backend": {
      "resolved": "backend",
      "link": true
    },
    "node_modules/typescript-code-assistant-frontend": {
      "resolved": "frontend",
      "link": true
    },
    "packages/analysis-engine": {
      "name": "@tca/analysis-engine",
      "version": "0.1.0",
      "dependencies": {
        "@tca/shared": "0.1.0"
      },
      "devDependencies": {}
    },
    "packages/sdk": {
      "name": "@tca/sdk",
      "version": "0.1.0",
      "dependencies": {
        "@tca/shared": "0.1.0"
      },
      "devDependencies": {}
    },
    "packages/shared": {
      "name": "@tca/shared",
      "version": "0.1.0",
      "devDependencies": {}
    }
  }
}
